
Microsoft Visual Studio Solution File, Format Version 12.00
# Visual Studio Version 17
VisualStudioVersion = 17.2.32519.379
MinimumVisualStudioVersion = 10.0.40219.1
Project("{9A19103F-16F7-4668-BE54-9A1E7A4F7556}") = "CandidateManagement.Application", "CandidateManagement.Application\CandidateManagement.Application.csproj", "{74EC5CFB-BBF0-4C90-9961-BD27453446B2}"
EndProject
Project("{9A19103F-16F7-4668-BE54-9A1E7A4F7556}") = "CandidateManagement.Domain", "CandidateManagement.Domain\CandidateManagement.Domain.csproj", "{2ECD64F4-DFBF-4ADD-947A-DB5E614C6940}"
EndProject
Project("{9A19103F-16F7-4668-BE54-9A1E7A4F7556}") = "CandidateManagement.Infra.Data", "CandidateManagement.Infra.Data\CandidateManagement.Infra.Data.csproj", "{30BDB48C-60BA-48A1-A1AC-E31939308ACF}"
EndProject
Project("{9A19103F-16F7-4668-BE54-9A1E7A4F7556}") = "CandidateManagementApp", "CandidateManagementApp\CandidateManagementApp.csproj", "{7107973C-15E6-41C9-A794-5A03770D0258}"
EndProject
Project("{9A19103F-16F7-4668-BE54-9A1E7A4F7556}") = "CandidateManagement", "CandidateManagement\CandidateManagement.csproj", "{13AA053A-F6C1-431D-BDC7-60646273BCD2}"
EndProject
Global
	GlobalSection(SolutionConfigurationPlatforms) = preSolution
		Debug|Any CPU = Debug|Any CPU
		Release|Any CPU = Release|Any CPU
	EndGlobalSection
	GlobalSection(ProjectConfigurationPlatforms) = postSolution
		{74EC5CFB-BBF0-4C90-9961-BD27453446B2}.Debug|Any CPU.ActiveCfg = Debug|Any CPU
		{74EC5CFB-BBF0-4C90-9961-BD27453446B2}.Debug|Any CPU.Build.0 = Debug|Any CPU
		{74EC5CFB-BBF0-4C90-9961-BD27453446B2}.Release|Any CPU.ActiveCfg = Release|Any CPU
		{74EC5CFB-BBF0-4C90-9961-BD27453446B2}.Release|Any CPU.Build.0 = Release|Any CPU
		{2ECD64F4-DFBF-4ADD-947A-DB5E614C6940}.Debug|Any CPU.ActiveCfg = Debug|Any CPU
		{2ECD64F4-DFBF-4ADD-947A-DB5E614C6940}.Debug|Any CPU.Build.0 = Debug|Any CPU
		{2ECD64F4-DFBF-4ADD-947A-DB5E614C6940}.Release|Any CPU.ActiveCfg = Release|Any CPU
		{2ECD64F4-DFBF-4ADD-947A-DB5E614C6940}.Release|Any CPU.Build.0 = Release|Any CPU
		{30BDB48C-60BA-48A1-A1AC-E31939308ACF}.Debug|Any CPU.ActiveCfg = Debug|Any CPU
		{30BDB48C-60BA-48A1-A1AC-E31939308ACF}.Debug|Any CPU.Build.0 = Debug|Any CPU
		{30BDB48C-60BA-48A1-A1AC-E31939308ACF}.Release|Any CPU.ActiveCfg = Release|Any CPU
		{30BDB48C-60BA-48A1-A1AC-E31939308ACF}.Release|Any CPU.Build.0 = Release|Any CPU
		{7107973C-15E6-41C9-A794-5A03770D0258}.Debug|Any CPU.ActiveCfg = Debug|Any CPU
		{7107973C-15E6-41C9-A794-5A03770D0258}.Debug|Any CPU.Build.0 = Debug|Any CPU
		{7107973C-15E6-41C9-A794-5A03770D0258}.Release|Any CPU.ActiveCfg = Release|Any CPU
		{7107973C-15E6-41C9-A794-5A03770D0258}.Release|Any CPU.Build.0 = Release|Any CPU
		{13AA053A-F6C1-431D-BDC7-60646273BCD2}.Debug|Any CPU.ActiveCfg = Debug|Any CPU
		{13AA053A-F6C1-431D-BDC7-60646273BCD2}.Debug|Any CPU.Build.0 = Debug|Any CPU
		{13AA053A-F6C1-431D-BDC7-60646273BCD2}.Release|Any CPU.ActiveCfg = Release|Any CPU
		{13AA053A-F6C1-431D-BDC7-60646273BCD2}.Release|Any CPU.Build.0 = Release|Any CPU
	EndGlobalSection
	GlobalSection(SolutionProperties) = preSolution
		HideSolutionNode = FALSE
	EndGlobalSection
	GlobalSection(ExtensibilityGlobals) = postSolution
		SolutionGuid = {3F99898F-863F-4B4D-A9BE-84A63C5E5ACF}
	EndGlobalSection
EndGlobal
